
Microsoft Visual Studio Solution File, Format Version 12.00
# Visual Studio Version 16
VisualStudioVersion = 16.0.28729.10
MinimumVisualStudioVersion = 10.0.40219.1
Project("{FAE04EC0-301F-11D3-BF4B-00C04F79EFBC}") = "KeLi.FormChart", "KeLi.FormChart\KeLi.FormChart.csproj", "{DAC3D742-CE89-43E9-A83E-0C2F6F420D0C}"
EndProject
Global
	GlobalSection(SolutionConfigurationPlatforms) = preSolution
		Debug|Any CPU = Debug|Any CPU
		Release|Any CPU = Release|Any CPU
	EndGlobalSection
	GlobalSection(ProjectConfigurationPlatforms) = postSolution
		{DAC3D742-CE89-43E9-A83E-0C2F6F420D0C}.Debug|Any CPU.ActiveCfg = Debug|Any CPU
		{DAC3D742-CE89-43E9-A83E-0C2F6F420D0C}.Debug|Any CPU.Build.0 = Debug|Any CPU
		{DAC3D742-CE89-43E9-A83E-0C2F6F420D0C}.Release|Any CPU.ActiveCfg = Release|Any CPU
		{DAC3D742-CE89-43E9-A83E-0C2F6F420D0C}.Release|Any CPU.Build.0 = Release|Any CPU
	EndGlobalSection
	GlobalSection(SolutionProperties) = preSolution
		HideSolutionNode = FALSE
	EndGlobalSection
	GlobalSection(ExtensibilityGlobals) = postSolution
		SolutionGuid = {C431AFD5-047F-4157-94D5-F472E19BAF47}
	EndGlobalSection
EndGlobal
